
Microsoft Visual Studio Solution File, Format Version 12.00
# Visual Studio 2012
Project("{FAE04EC0-301F-11D3-BF4B-00C04F79EFBC}") = "BrynCVSite", "BrynCVSite\BrynCVSite.csproj", "{D34DBE83-BC85-401D-8C77-50BD522CED5C}"
EndProject
Global
	GlobalSection(SolutionConfigurationPlatforms) = preSolution
		Debug|Any CPU = Debug|Any CPU
		Release|Any CPU = Release|Any CPU
	EndGlobalSection
	GlobalSection(ProjectConfigurationPlatforms) = postSolution
		{D34DBE83-BC85-401D-8C77-50BD522CED5C}.Debug|Any CPU.ActiveCfg = Debug|Any CPU
		{D34DBE83-BC85-401D-8C77-50BD522CED5C}.Debug|Any CPU.Build.0 = Debug|Any CPU
		{D34DBE83-BC85-401D-8C77-50BD522CED5C}.Release|Any CPU.ActiveCfg = Release|Any CPU
		{D34DBE83-BC85-401D-8C77-50BD522CED5C}.Release|Any CPU.Build.0 = Release|Any CPU
	EndGlobalSection
	GlobalSection(SolutionProperties) = preSolution
		HideSolutionNode = FALSE
	EndGlobalSection
EndGlobal
